(setq el-get-lock-package-versions
      '((jdee :checksum "a0026ec0efdba87f10b9f007e9bbb3e78f65b7f1")
        (toml-mode :checksum "afd98423773c2b9578fc5b2b46a43b5f5ecf7e6b")
        (magit :checksum "7a4a76062500eb0a0440061f6aef9be5bec5e7ad")
        (tide :checksum "0c0f95b9e5abdbe60ccfcefc81f02178bfa940ab")
        (indent-guide :checksum "0ef4813c538d5afba210681a8e81848b0927d421")
        (tips :checksum "3d9083edc2e83f2a459e18b3b92a4a43d649472a")
        (smartrep :checksum "f0ff5a6d7b8603603598ae3045c98b011e58d86e")
        (multiple-cursors :checksum "a393384b3508e7d8d721e66d2bfb97fa7153dd4f")
        (multi-term :checksum "a2cf4b82f0b812c66f37f960ce1369673b635835")
        (flycheck-pos-tip :checksum "6209525c675832ae4026d1458cb14fdd9e4b7527")
        (pos-tip :checksum "92c6b81591b32a0fb3da65f6a514ddcce1d277c0")
        (smyx :checksum "6263f6b401bbabaed388c8efcfc0be2e58c51401")
        (pylookup :checksum "9020336cf64d01939412c9c62d6356822d79bdc6")
        (julia-mode :checksum "e08d3a28bf74fa3397b58929faafe5931da97719")
        (el-get :checksum "75786dba6fc691693e8d8f73c72f15db2602c056")
        (base16 :checksum "4d1768645a3016e064985cf8207d7b594a40620f")
        (sublime-themes :checksum "bd1782f004ad2bca0e49d2c6118880fb5a170e21")
        (lua-mode :checksum "37f3c4284c45cd6c7b85074687c2e1f8e734622e")
        (ample-regexps :checksum "d5194b289f45c1aafe028a4a0b699b48d2938867")
        (avy :checksum "30067ddc09eefddae4ece065f60cc52a55ed76d7")
        (ace-isearch :checksum "3324a214f558ea9ded28eff7e74c80cd8cb561cf")
        (ace-jump-mode :checksum "8351e2df4fbbeb2a4003f2fb39f46d33803f3dac")
        (graphviz-dot-mode :checksum "d11f15b490be23eaabd65ee791c8810f4cf3ebec")
        (init-loader :checksum "1f28a0b801cbb08aa9b47fd15ceab243a2bc064c")))
(setq el-get-lock-locked-packages 'nil)
(setq el-get-lock-unlocked-packages 'nil)
